// !$*UTF8*$!
{
	archiveVersion = 1;
	classes = {
	};
	objectVersion = 77;
	objects = {

/* Begin PBXBuildFile section */
		26D16B812CDBD22400B9F513 /* UnitTestPlan.xctestplan in Resources */ = {isa = PBXBuildFile; fileRef = 26D16B802CDBD22400B9F513 /* UnitTestPlan.xctestplan */; };
		26D16B872CDBD46100B9F513 /* Networking in Frameworks */ = {isa = PBXBuildFile; productRef = 26D16B862CDBD46100B9F513 /* Networking */; };
		26D16B8D2CDBD76000B9F513 /* Logging in Frameworks */ = {isa = PBXBuildFile; productRef = 26D16B8C2CDBD76000B9F513 /* Logging */; };
/* End PBXBuildFile section */

/* Begin PBXContainerItemProxy section */
		2628FCDA2CDBCA6F00BC1D5A /* PBXContainerItemProxy */ = {
			isa = PBXContainerItemProxy;
			containerPortal = 2628FCC12CDBCA6D00BC1D5A /* Project object */;
			proxyType = 1;
			remoteGlobalIDString = 2628FCC82CDBCA6D00BC1D5A;
			remoteInfo = FetchRecipes;
		};
		2628FCE42CDBCA6F00BC1D5A /* PBXContainerItemProxy */ = {
			isa = PBXContainerItemProxy;
			containerPortal = 2628FCC12CDBCA6D00BC1D5A /* Project object */;
			proxyType = 1;
			remoteGlobalIDString = 2628FCC82CDBCA6D00BC1D5A;
			remoteInfo = FetchRecipes;
		};
/* End PBXContainerItemProxy section */

/* Begin PBXCopyFilesBuildPhase section */
		26D16B712CDBD10E00B9F513 /* Embed Frameworks */ = {
			isa = PBXCopyFilesBuildPhase;
			buildActionMask = 2147483647;
			dstPath = "";
			dstSubfolderSpec = 10;
			files = (
			);
			name = "Embed Frameworks";
			runOnlyForDeploymentPostprocessing = 0;
		};
/* End PBXCopyFilesBuildPhase section */

/* Begin PBXFileReference section */
		2628FCC92CDBCA6D00BC1D5A /* FetchRecipes.app */ = {isa = PBXFileReference; explicitFileType = wrapper.application; includeInIndex = 0; path = FetchRecipes.app; sourceTree = BUILT_PRODUCTS_DIR; };
		2628FCD92CDBCA6F00BC1D5A /* FetchRecipesTests.xctest */ = {isa = PBXFileReference; explicitFileType = wrapper.cfbundle; includeInIndex = 0; path = FetchRecipesTests.xctest; sourceTree = BUILT_PRODUCTS_DIR; };
		2628FCE32CDBCA6F00BC1D5A /* FetchRecipesUITests.xctest */ = {isa = PBXFileReference; explicitFileType = wrapper.cfbundle; includeInIndex = 0; path = FetchRecipesUITests.xctest; sourceTree = BUILT_PRODUCTS_DIR; };
		26D16B802CDBD22400B9F513 /* UnitTestPlan.xctestplan */ = {isa = PBXFileReference; lastKnownFileType = text; path = UnitTestPlan.xctestplan; sourceTree = "<group>"; };
		26D16B842CDBD43500B9F513 /* Networking */ = {isa = PBXFileReference; lastKnownFileType = wrapper; path = Networking; sourceTree = "<group>"; };
		26D16B8A2CDBD72400B9F513 /* Logging */ = {isa = PBXFileReference; lastKnownFileType = wrapper; path = Logging; sourceTree = "<group>"; };
/* End PBXFileReference section */

/* Begin PBXFileSystemSynchronizedRootGroup section */
		2628FCCB2CDBCA6D00BC1D5A /* FetchRecipes */ = {
			isa = PBXFileSystemSynchronizedRootGroup;
			path = FetchRecipes;
			sourceTree = "<group>";
		};
		2628FCDC2CDBCA6F00BC1D5A /* FetchRecipesTests */ = {
			isa = PBXFileSystemSynchronizedRootGroup;
			path = FetchRecipesTests;
			sourceTree = "<group>";
		};
		2628FCE62CDBCA6F00BC1D5A /* FetchRecipesUITests */ = {
			isa = PBXFileSystemSynchronizedRootGroup;
			path = FetchRecipesUITests;
			sourceTree = "<group>";
		};
/* End PBXFileSystemSynchronizedRootGroup section */

/* Begin PBXFrameworksBuildPhase section */
		2628FCC62CDBCA6D00BC1D5A /* Frameworks */ = {
			isa = PBXFrameworksBuildPhase;
			buildActionMask = 2147483647;
			files = (
				26D16B8D2CDBD76000B9F513 /* Logging in Frameworks */,
				26D16B872CDBD46100B9F513 /* Networking in Frameworks */,
			);
			runOnlyForDeploymentPostprocessing = 0;
		};
		2628FCD62CDBCA6F00BC1D5A /* Frameworks */ = {
			isa = PBXFrameworksBuildPhase;
			buildActionMask = 2147483647;
			files = (
			);
			runOnlyForDeploymentPostprocessing = 0;
		};
		2628FCE02CDBCA6F00BC1D5A /* Frameworks */ = {
			isa = PBXFrameworksBuildPhase;
			buildActionMask = 2147483647;
			files = (
			);
			runOnlyForDeploymentPostprocessing = 0;
		};
/* End PBXFrameworksBuildPhase section */

/* Begin PBXGroup section */
		2628FCC02CDBCA6D00BC1D5A = {
			isa = PBXGroup;
			children = (
				26D16B8A2CDBD72400B9F513 /* Logging */,
				26D16B842CDBD43500B9F513 /* Networking */,
				26D16B802CDBD22400B9F513 /* UnitTestPlan.xctestplan */,
				2628FCCB2CDBCA6D00BC1D5A /* FetchRecipes */,
				2628FCDC2CDBCA6F00BC1D5A /* FetchRecipesTests */,
				2628FCE62CDBCA6F00BC1D5A /* FetchRecipesUITests */,
				2628FCCA2CDBCA6D00BC1D5A /* Products */,
			);
			sourceTree = "<group>";
		};
		2628FCCA2CDBCA6D00BC1D5A /* Products */ = {
			isa = PBXGroup;
			children = (
				2628FCC92CDBCA6D00BC1D5A /* FetchRecipes.app */,
				2628FCD92CDBCA6F00BC1D5A /* FetchRecipesTests.xctest */,
				2628FCE32CDBCA6F00BC1D5A /* FetchRecipesUITests.xctest */,
			);
			name = Products;
			sourceTree = "<group>";
		};
/* End PBXGroup section */

/* Begin PBXNativeTarget section */
		2628FCC82CDBCA6D00BC1D5A /* FetchRecipes */ = {
			isa = PBXNativeTarget;
			buildConfigurationList = 2628FCED2CDBCA6F00BC1D5A /* Build configuration list for PBXNativeTarget "FetchRecipes" */;
			buildPhases = (
				2628FCC52CDBCA6D00BC1D5A /* Sources */,
				2628FCC62CDBCA6D00BC1D5A /* Frameworks */,
				2628FCC72CDBCA6D00BC1D5A /* Resources */,
				26D16B712CDBD10E00B9F513 /* Embed Frameworks */,
			);
			buildRules = (
			);
			dependencies = (
			);
			fileSystemSynchronizedGroups = (
				2628FCCB2CDBCA6D00BC1D5A /* FetchRecipes */,
			);
			name = FetchRecipes;
			packageProductDependencies = (
				26D16B862CDBD46100B9F513 /* Networking */,
				26D16B8C2CDBD76000B9F513 /* Logging */,
			);
			productName = FetchRecipes;
			productReference = 2628FCC92CDBCA6D00BC1D5A /* FetchRecipes.app */;
			productType = "com.apple.product-type.application";
		};
		2628FCD82CDBCA6F00BC1D5A /* FetchRecipesTests */ = {
			isa = PBXNativeTarget;
			buildConfigurationList = 2628FCF02CDBCA6F00BC1D5A /* Build configuration list for PBXNativeTarget "FetchRecipesTests" */;
			buildPhases = (
				2628FCD52CDBCA6F00BC1D5A /* Sources */,
				2628FCD62CDBCA6F00BC1D5A /* Frameworks */,
				2628FCD72CDBCA6F00BC1D5A /* Resources */,
			);
			buildRules = (
			);
			dependencies = (
				2628FCDB2CDBCA6F00BC1D5A /* PBXTargetDependency */,
			);
			fileSystemSynchronizedGroups = (
				2628FCDC2CDBCA6F00BC1D5A /* FetchRecipesTests */,
			);
			name = FetchRecipesTests;
			packageProductDependencies = (
			);
			productName = FetchRecipesTests;
			productReference = 2628FCD92CDBCA6F00BC1D5A /* FetchRecipesTests.xctest */;
			productType = "com.apple.product-type.bundle.unit-test";
		};
		2628FCE22CDBCA6F00BC1D5A /* FetchRecipesUITests */ = {
			isa = PBXNativeTarget;
			buildConfigurationList = 2628FCF32CDBCA6F00BC1D5A /* Build configuration list for PBXNativeTarget "FetchRecipesUITests" */;
			buildPhases = (
				2628FCDF2CDBCA6F00BC1D5A /* Sources */,
				2628FCE02CDBCA6F00BC1D5A /* Frameworks */,
				2628FCE12CDBCA6F00BC1D5A /* Resources */,
			);
			buildRules = (
			);
			dependencies = (
				2628FCE52CDBCA6F00BC1D5A /* PBXTargetDependency */,
			);
			fileSystemSynchronizedGroups = (
				2628FCE62CDBCA6F00BC1D5A /* FetchRecipesUITests */,
			);
			name = FetchRecipesUITests;
			packageProductDependencies = (
			);
			productName = FetchRecipesUITests;
			productReference = 2628FCE32CDBCA6F00BC1D5A /* FetchRecipesUITests.xctest */;
			productType = "com.apple.product-type.bundle.ui-testing";
		};
/* End PBXNativeTarget section */

/* Begin PBXProject section */
		2628FCC12CDBCA6D00BC1D5A /* Project object */ = {
			isa = PBXProject;
			attributes = {
				BuildIndependentTargetsInParallel = 1;
				LastSwiftUpdateCheck = 1610;
				LastUpgradeCheck = 1610;
				TargetAttributes = {
					2628FCC82CDBCA6D00BC1D5A = {
						CreatedOnToolsVersion = 16.1;
					};
					2628FCD82CDBCA6F00BC1D5A = {
						CreatedOnToolsVersion = 16.1;
						TestTargetID = 2628FCC82CDBCA6D00BC1D5A;
					};
					2628FCE22CDBCA6F00BC1D5A = {
						CreatedOnToolsVersion = 16.1;
						TestTargetID = 2628FCC82CDBCA6D00BC1D5A;
					};
				};
			};
			buildConfigurationList = 2628FCC42CDBCA6D00BC1D5A /* Build configuration list for PBXProject "FetchRecipes" */;
			developmentRegion = en;
			hasScannedForEncodings = 0;
			knownRegions = (
				en,
				Base,
			);
			mainGroup = 2628FCC02CDBCA6D00BC1D5A;
			minimizedProjectReferenceProxies = 1;
			packageReferences = (
				26D16B852CDBD46100B9F513 /* XCLocalSwiftPackageReference "Networking" */,
				26D16B8B2CDBD76000B9F513 /* XCLocalSwiftPackageReference "Logging" */,
			);
			preferredProjectObjectVersion = 77;
			productRefGroup = 2628FCCA2CDBCA6D00BC1D5A /* Products */;
			projectDirPath = "";
			projectRoot = "";
			targets = (
				2628FCC82CDBCA6D00BC1D5A /* FetchRecipes */,
				2628FCD82CDBCA6F00BC1D5A /* FetchRecipesTests */,
				2628FCE22CDBCA6F00BC1D5A /* FetchRecipesUITests */,
			);
		};
/* End PBXProject section */

/* Begin PBXResourcesBuildPhase section */
		2628FCC72CDBCA6D00BC1D5A /* Resources */ = {
			isa = PBXResourcesBuildPhase;
			buildActionMask = 2147483647;
			files = (
				26D16B812CDBD22400B9F513 /* UnitTestPlan.xctestplan in Resources */,
			);
			runOnlyForDeploymentPostprocessing = 0;
		};
		2628FCD72CDBCA6F00BC1D5A /* Resources */ = {
			isa = PBXResourcesBuildPhase;
			buildActionMask = 2147483647;
			files = (
			);
			runOnlyForDeploymentPostprocessing = 0;
		};
		2628FCE12CDBCA6F00BC1D5A /* Resources */ = {
			isa = PBXResourcesBuildPhase;
			buildActionMask = 2147483647;
			files = (
			);
			runOnlyForDeploymentPostprocessing = 0;
		};
/* End PBXResourcesBuildPhase section */

/* Begin PBXSourcesBuildPhase section */
		2628FCC52CDBCA6D00BC1D5A /* Sources */ = {
			isa = PBXSourcesBuildPhase;
			buildActionMask = 2147483647;
			files = (
			);
			runOnlyForDeploymentPostprocessing = 0;
		};
		2628FCD52CDBCA6F00BC1D5A /* Sources */ = {
			isa = PBXSourcesBuildPhase;
			buildActionMask = 2147483647;
			files = (
			);
			runOnlyForDeploymentPostprocessing = 0;
		};
		2628FCDF2CDBCA6F00BC1D5A /* Sources */ = {
			isa = PBXSourcesBuildPhase;
			buildActionMask = 2147483647;
			files = (
			);
			runOnlyForDeploymentPostprocessing = 0;
		};
/* End PBXSourcesBuildPhase section */

/* Begin PBXTargetDependency section */
		2628FCDB2CDBCA6F00BC1D5A /* PBXTargetDependency */ = {
			isa = PBXTargetDependency;
			target = 2628FCC82CDBCA6D00BC1D5A /* FetchRecipes */;
			targetProxy = 2628FCDA2CDBCA6F00BC1D5A /* PBXContainerItemProxy */;
		};
		2628FCE52CDBCA6F00BC1D5A /* PBXTargetDependency */ = {
			isa = PBXTargetDependency;
			target = 2628FCC82CDBCA6D00BC1D5A /* FetchRecipes */;
			targetProxy = 2628FCE42CDBCA6F00BC1D5A /* PBXContainerItemProxy */;
		};
/* End PBXTargetDependency section */

/* Begin XCBuildConfiguration section */
		2628FCEB2CDBCA6F00BC1D5A /* Debug */ = {
			isa = XCBuildConfiguration;
			buildSettings = {
				ALWAYS_SEARCH_USER_PATHS = NO;
				ASSETCATALOG_COMPILER_GENERATE_SWIFT_ASSET_SYMBOL_EXTENSIONS = YES;
				CLANG_ANALYZER_NONNULL = YES;
				CLANG_ANALYZER_NUMBER_OBJECT_CONVERSION = YES_AGGRESSIVE;
				CLANG_CXX_LANGUAGE_STANDARD = "gnu++20";
				CLANG_ENABLE_MODULES = YES;
				CLANG_ENABLE_OBJC_ARC = YES;
				CLANG_ENABLE_OBJC_WEAK = YES;
				CLANG_WARN_BLOCK_CAPTURE_AUTORELEASING = YES;
				CLANG_WARN_BOOL_CONVERSION = YES;
				CLANG_WARN_COMMA = YES;
				CLANG_WARN_CONSTANT_CONVERSION = YES;
				CLANG_WARN_DEPRECATED_OBJC_IMPLEMENTATIONS = YES;
				CLANG_WARN_DIRECT_OBJC_ISA_USAGE = YES_ERROR;
				CLANG_WARN_DOCUMENTATION_COMMENTS = YES;
				CLANG_WARN_EMPTY_BODY = YES;
				CLANG_WARN_ENUM_CONVERSION = YES;
				CLANG_WARN_INFINITE_RECURSION = YES;
				CLANG_WARN_INT_CONVERSION = YES;
				CLANG_WARN_NON_LITERAL_NULL_CONVERSION = YES;
				CLANG_WARN_OBJC_IMPLICIT_RETAIN_SELF = YES;
				CLANG_WARN_OBJC_LITERAL_CONVERSION = YES;
				CLANG_WARN_OBJC_ROOT_CLASS = YES_ERROR;
				CLANG_WARN_QUOTED_INCLUDE_IN_FRAMEWORK_HEADER = YES;
				CLANG_WARN_RANGE_LOOP_ANALYSIS = YES;
				CLANG_WARN_STRICT_PROTOTYPES = YES;
				CLANG_WARN_SUSPICIOUS_MOVE = YES;
				CLANG_WARN_UNGUARDED_AVAILABILITY = YES_AGGRESSIVE;
				CLANG_WARN_UNREACHABLE_CODE = YES;
				CLANG_WARN__DUPLICATE_METHOD_MATCH = YES;
				COPY_PHASE_STRIP = NO;
				DEBUG_INFORMATION_FORMAT = dwarf;
				ENABLE_STRICT_OBJC_MSGSEND = YES;
				ENABLE_TESTABILITY = YES;
				ENABLE_USER_SCRIPT_SANDBOXING = YES;
				GCC_C_LANGUAGE_STANDARD = gnu17;
				GCC_DYNAMIC_NO_PIC = NO;
				GCC_NO_COMMON_BLOCKS = YES;
				GCC_OPTIMIZATION_LEVEL = 0;
				GCC_PREPROCESSOR_DEFINITIONS = (
					"DEBUG=1",
					"$(inherited)",
				);
				GCC_WARN_64_TO_32_BIT_CONVERSION = YES;
				GCC_WARN_ABOUT_RETURN_TYPE = YES_ERROR;
				GCC_WARN_UNDECLARED_SELECTOR = YES;
				GCC_WARN_UNINITIALIZED_AUTOS = YES_AGGRESSIVE;
				GCC_WARN_UNUSED_FUNCTION = YES;
				GCC_WARN_UNUSED_VARIABLE = YES;
				IPHONEOS_DEPLOYMENT_TARGET = 18.1;
				LOCALIZATION_PREFERS_STRING_CATALOGS = YES;
				MTL_ENABLE_DEBUG_INFO = INCLUDE_SOURCE;
				MTL_FAST_MATH = YES;
				ONLY_ACTIVE_ARCH = YES;
				SDKROOT = iphoneos;
				SWIFT_ACTIVE_COMPILATION_CONDITIONS = "DEBUG $(inherited)";
				SWIFT_OPTIMIZATION_LEVEL = "-Onone";
			};
			name = Debug;
		};
		2628FCEC2CDBCA6F00BC1D5A /* Release */ = {
			isa = XCBuildConfiguration;
			buildSettings = {
				ALWAYS_SEARCH_USER_PATHS = NO;
				ASSETCATALOG_COMPILER_GENERATE_SWIFT_ASSET_SYMBOL_EXTENSIONS = YES;
				CLANG_ANALYZER_NONNULL = YES;
				CLANG_ANALYZER_NUMBER_OBJECT_CONVERSION = YES_AGGRESSIVE;
				CLANG_CXX_LANGUAGE_STANDARD = "gnu++20";
				CLANG_ENABLE_MODULES = YES;
				CLANG_ENABLE_OBJC_ARC = YES;
				CLANG_ENABLE_OBJC_WEAK = YES;
				CLANG_WARN_BLOCK_CAPTURE_AUTORELEASING = YES;
				CLANG_WARN_BOOL_CONVERSION = YES;
				CLANG_WARN_COMMA = YES;
				CLANG_WARN_CONSTANT_CONVERSION = YES;
				CLANG_WARN_DEPRECATED_OBJC_IMPLEMENTATIONS = YES;
				CLANG_WARN_DIRECT_OBJC_ISA_USAGE = YES_ERROR;
				CLANG_WARN_DOCUMENTATION_COMMENTS = YES;
				CLANG_WARN_EMPTY_BODY = YES;
				CLANG_WARN_ENUM_CONVERSION = YES;
				CLANG_WARN_INFINITE_RECURSION = YES;
				CLANG_WARN_INT_CONVERSION = YES;
				CLANG_WARN_NON_LITERAL_NULL_CONVERSION = YES;
				CLANG_WARN_OBJC_IMPLICIT_RETAIN_SELF = YES;
				CLANG_WARN_OBJC_LITERAL_CONVERSION = YES;
				CLANG_WARN_OBJC_ROOT_CLASS = YES_ERROR;
				CLANG_WARN_QUOTED_INCLUDE_IN_FRAMEWORK_HEADER = YES;
				CLANG_WARN_RANGE_LOOP_ANALYSIS = YES;
				CLANG_WARN_STRICT_PROTOTYPES = YES;
				CLANG_WARN_SUSPICIOUS_MOVE = YES;
				CLANG_WARN_UNGUARDED_AVAILABILITY = YES_AGGRESSIVE;
				CLANG_WARN_UNREACHABLE_CODE = YES;
				CLANG_WARN__DUPLICATE_METHOD_MATCH = YES;
				COPY_PHASE_STRIP = NO;
				DEBUG_INFORMATION_FORMAT = "dwarf-with-dsym";
				ENABLE_NS_ASSERTIONS = NO;
				ENABLE_STRICT_OBJC_MSGSEND = YES;
				ENABLE_USER_SCRIPT_SANDBOXING = YES;
				GCC_C_LANGUAGE_STANDARD = gnu17;
				GCC_NO_COMMON_BLOCKS = YES;
				GCC_WARN_64_TO_32_BIT_CONVERSION = YES;
				GCC_WARN_ABOUT_RETURN_TYPE = YES_ERROR;
				GCC_WARN_UNDECLARED_SELECTOR = YES;
				GCC_WARN_UNINITIALIZED_AUTOS = YES_AGGRESSIVE;
				GCC_WARN_UNUSED_FUNCTION = YES;
				GCC_WARN_UNUSED_VARIABLE = YES;
				IPHONEOS_DEPLOYMENT_TARGET = 18.1;
				LOCALIZATION_PREFERS_STRING_CATALOGS = YES;
				MTL_ENABLE_DEBUG_INFO = NO;
				MTL_FAST_MATH = YES;
				SDKROOT = iphoneos;
				SWIFT_COMPILATION_MODE = wholemodule;
				VALIDATE_PRODUCT = YES;
			};
			name = Release;
		};
		2628FCEE2CDBCA6F00BC1D5A /* Debug */ = {
			isa = XCBuildConfiguration;
			buildSettings = {
				ASSETCATALOG_COMPILER_APPICON_NAME = AppIcon;
				ASSETCATALOG_COMPILER_GLOBAL_ACCENT_COLOR_NAME = AccentColor;
				CODE_SIGN_STYLE = Automatic;
				CURRENT_PROJECT_VERSION = 1;
				DEVELOPMENT_ASSET_PATHS = "\"FetchRecipes/Preview Content\"";
				DEVELOPMENT_TEAM = 435ZY68D35;
				ENABLE_PREVIEWS = YES;
				GENERATE_INFOPLIST_FILE = YES;
				INFOPLIST_KEY_CFBundleDisplayName = FetchRecipes;
				INFOPLIST_KEY_UIApplicationSceneManifest_Generation = YES;
				INFOPLIST_KEY_UIApplicationSupportsIndirectInputEvents = YES;
				INFOPLIST_KEY_UILaunchScreen_Generation = YES;
				INFOPLIST_KEY_UISupportedInterfaceOrientations_iPad = "UIInterfaceOrientationPortrait UIInterfaceOrientationPortraitUpsideDown UIInterfaceOrientationLandscapeLeft UIInterfaceOrientationLandscapeRight";
				INFOPLIST_KEY_UISupportedInterfaceOrientations_iPhone = "UIInterfaceOrientationPortrait UIInterfaceOrientationLandscapeLeft UIInterfaceOrientationLandscapeRight";
				IPHONEOS_DEPLOYMENT_TARGET = 16.0;
				LD_RUNPATH_SEARCH_PATHS = (
					"$(inherited)",
					"@executable_path/Frameworks",
				);
				MARKETING_VERSION = 1.0;
				PRODUCT_BUNDLE_IDENTIFIER = coletoncodes.FetchRecipes;
				PRODUCT_NAME = "$(TARGET_NAME)";
				SUPPORTED_PLATFORMS = "iphoneos iphonesimulator";
				SUPPORTS_MACCATALYST = NO;
				SUPPORTS_MAC_DESIGNED_FOR_IPHONE_IPAD = NO;
				SUPPORTS_XR_DESIGNED_FOR_IPHONE_IPAD = NO;
				SWIFT_EMIT_LOC_STRINGS = YES;
				SWIFT_VERSION = 5.0;
				TARGETED_DEVICE_FAMILY = 1;
			};
			name = Debug;
		};
		2628FCEF2CDBCA6F00BC1D5A /* Release */ = {
			isa = XCBuildConfiguration;
			buildSettings = {
				ASSETCATALOG_COMPILER_APPICON_NAME = AppIcon;
				ASSETCATALOG_COMPILER_GLOBAL_ACCENT_COLOR_NAME = AccentColor;
				CODE_SIGN_STYLE = Automatic;
				CURRENT_PROJECT_VERSION = 1;
				DEVELOPMENT_ASSET_PATHS = "\"FetchRecipes/Preview Content\"";
				DEVELOPMENT_TEAM = 435ZY68D35;
				ENABLE_PREVIEWS = YES;
				GENERATE_INFOPLIST_FILE = YES;
				INFOPLIST_KEY_CFBundleDisplayName = FetchRecipes;
				INFOPLIST_KEY_UIApplicationSceneManifest_Generation = YES;
				INFOPLIST_KEY_UIApplicationSupportsIndirectInputEvents = YES;
				INFOPLIST_KEY_UILaunchScreen_Generation = YES;
				INFOPLIST_KEY_UISupportedInterfaceOrientations_iPad = "UIInterfaceOrientationPortrait UIInterfaceOrientationPortraitUpsideDown UIInterfaceOrientationLandscapeLeft UIInterfaceOrientationLandscapeRight";
				INFOPLIST_KEY_UISupportedInterfaceOrientations_iPhone = "UIInterfaceOrientationPortrait UIInterfaceOrientationLandscapeLeft UIInterfaceOrientationLandscapeRight";
				IPHONEOS_DEPLOYMENT_TARGET = 16.0;
				LD_RUNPATH_SEARCH_PATHS = (
					"$(inherited)",
					"@executable_path/Frameworks",
				);
				MARKETING_VERSION = 1.0;
				PRODUCT_BUNDLE_IDENTIFIER = coletoncodes.FetchRecipes;
				PRODUCT_NAME = "$(TARGET_NAME)";
				SUPPORTED_PLATFORMS = "iphoneos iphonesimulator";
				SUPPORTS_MACCATALYST = NO;
				SUPPORTS_MAC_DESIGNED_FOR_IPHONE_IPAD = NO;
				SUPPORTS_XR_DESIGNED_FOR_IPHONE_IPAD = NO;
				SWIFT_EMIT_LOC_STRINGS = YES;
				SWIFT_VERSION = 5.0;
				TARGETED_DEVICE_FAMILY = 1;
			};
			name = Release;
		};
		2628FCF12CDBCA6F00BC1D5A /* Debug */ = {
			isa = XCBuildConfiguration;
			buildSettings = {
				BUNDLE_LOADER = "$(TEST_HOST)";
				CODE_SIGN_STYLE = Automatic;
				CURRENT_PROJECT_VERSION = 1;
				DEVELOPMENT_TEAM = 435ZY68D35;
				GENERATE_INFOPLIST_FILE = YES;
				IPHONEOS_DEPLOYMENT_TARGET = 16.0;
				MARKETING_VERSION = 1.0;
				PRODUCT_BUNDLE_IDENTIFIER = coletoncodes.FetchRecipesTests;
				PRODUCT_NAME = "$(TARGET_NAME)";
				SUPPORTED_PLATFORMS = "iphoneos iphonesimulator";
				SUPPORTS_MACCATALYST = NO;
				SUPPORTS_MAC_DESIGNED_FOR_IPHONE_IPAD = NO;
				SUPPORTS_XR_DESIGNED_FOR_IPHONE_IPAD = NO;
				SWIFT_EMIT_LOC_STRINGS = NO;
				SWIFT_VERSION = 5.0;
				TARGETED_DEVICE_FAMILY = 1;
				TEST_HOST = "$(BUILT_PRODUCTS_DIR)/FetchRecipes.app/$(BUNDLE_EXECUTABLE_FOLDER_PATH)/FetchRecipes";
			};
			name = Debug;
		};
		2628FCF22CDBCA6F00BC1D5A /* Release */ = {
			isa = XCBuildConfiguration;
			buildSettings = {
				BUNDLE_LOADER = "$(TEST_HOST)";
				CODE_SIGN_STYLE = Automatic;
				CURRENT_PROJECT_VERSION = 1;
				DEVELOPMENT_TEAM = 435ZY68D35;
				GENERATE_INFOPLIST_FILE = YES;
				IPHONEOS_DEPLOYMENT_TARGET = 16.0;
				MARKETING_VERSION = 1.0;
				PRODUCT_BUNDLE_IDENTIFIER = coletoncodes.FetchRecipesTests;
				PRODUCT_NAME = "$(TARGET_NAME)";
				SUPPORTED_PLATFORMS = "iphoneos iphonesimulator";
				SUPPORTS_MACCATALYST = NO;
				SUPPORTS_MAC_DESIGNED_FOR_IPHONE_IPAD = NO;
				SUPPORTS_XR_DESIGNED_FOR_IPHONE_IPAD = NO;
				SWIFT_EMIT_LOC_STRINGS = NO;
				SWIFT_VERSION = 5.0;
				TARGETED_DEVICE_FAMILY = 1;
				TEST_HOST = "$(BUILT_PRODUCTS_DIR)/FetchRecipes.app/$(BUNDLE_EXECUTABLE_FOLDER_PATH)/FetchRecipes";
			};
			name = Release;
		};
		2628FCF42CDBCA6F00BC1D5A /* Debug */ = {
			isa = XCBuildConfiguration;
			buildSettings = {
				CODE_SIGN_STYLE = Automatic;
				CURRENT_PROJECT_VERSION = 1;
				DEVELOPMENT_TEAM = 435ZY68D35;
				GENERATE_INFOPLIST_FILE = YES;
				IPHONEOS_DEPLOYMENT_TARGET = 16.0;
				MARKETING_VERSION = 1.0;
				PRODUCT_BUNDLE_IDENTIFIER = coletoncodes.FetchRecipesUITests;
				PRODUCT_NAME = "$(TARGET_NAME)";
				SUPPORTED_PLATFORMS = "iphoneos iphonesimulator";
				SUPPORTS_MACCATALYST = NO;
				SUPPORTS_MAC_DESIGNED_FOR_IPHONE_IPAD = NO;
				SUPPORTS_XR_DESIGNED_FOR_IPHONE_IPAD = NO;
				SWIFT_EMIT_LOC_STRINGS = NO;
				SWIFT_VERSION = 5.0;
				TARGETED_DEVICE_FAMILY = 1;
				TEST_TARGET_NAME = FetchRecipes;
			};
			name = Debug;
		};
		2628FCF52CDBCA6F00BC1D5A /* Release */ = {
			isa = XCBuildConfiguration;
			buildSettings = {
				CODE_SIGN_STYLE = Automatic;
				CURRENT_PROJECT_VERSION = 1;
				DEVELOPMENT_TEAM = 435ZY68D35;
				GENERATE_INFOPLIST_FILE = YES;
				IPHONEOS_DEPLOYMENT_TARGET = 16.0;
				MARKETING_VERSION = 1.0;
				PRODUCT_BUNDLE_IDENTIFIER = coletoncodes.FetchRecipesUITests;
				PRODUCT_NAME = "$(TARGET_NAME)";
				SUPPORTED_PLATFORMS = "iphoneos iphonesimulator";
				SUPPORTS_MACCATALYST = NO;
				SUPPORTS_MAC_DESIGNED_FOR_IPHONE_IPAD = NO;
				SUPPORTS_XR_DESIGNED_FOR_IPHONE_IPAD = NO;
				SWIFT_EMIT_LOC_STRINGS = NO;
				SWIFT_VERSION = 5.0;
				TARGETED_DEVICE_FAMILY = 1;
				TEST_TARGET_NAME = FetchRecipes;
			};
			name = Release;
		};
/* End XCBuildConfiguration section */

/* Begin XCConfigurationList section */
		2628FCC42CDBCA6D00BC1D5A /* Build configuration list for PBXProject "FetchRecipes" */ = {
			isa = XCConfigurationList;
			buildConfigurations = (
				2628FCEB2CDBCA6F00BC1D5A /* Debug */,
				2628FCEC2CDBCA6F00BC1D5A /* Release */,
			);
			defaultConfigurationIsVisible = 0;
			defaultConfigurationName = Release;
		};
		2628FCED2CDBCA6F00BC1D5A /* Build configuration list for PBXNativeTarget "FetchRecipes" */ = {
			isa = XCConfigurationList;
			buildConfigurations = (
				2628FCEE2CDBCA6F00BC1D5A /* Debug */,
				2628FCEF2CDBCA6F00BC1D5A /* Release */,
			);
			defaultConfigurationIsVisible = 0;
			defaultConfigurationName = Release;
		};
		2628FCF02CDBCA6F00BC1D5A /* Build configuration list for PBXNativeTarget "FetchRecipesTests" */ = {
			isa = XCConfigurationList;
			buildConfigurations = (
				2628FCF12CDBCA6F00BC1D5A /* Debug */,
				2628FCF22CDBCA6F00BC1D5A /* Release */,
			);
			defaultConfigurationIsVisible = 0;
			defaultConfigurationName = Release;
		};
		2628FCF32CDBCA6F00BC1D5A /* Build configuration list for PBXNativeTarget "FetchRecipesUITests" */ = {
			isa = XCConfigurationList;
			buildConfigurations = (
				2628FCF42CDBCA6F00BC1D5A /* Debug */,
				2628FCF52CDBCA6F00BC1D5A /* Release */,
			);
			defaultConfigurationIsVisible = 0;
			defaultConfigurationName = Release;
		};
/* End XCConfigurationList section */

/* Begin XCLocalSwiftPackageReference section */
		26D16B852CDBD46100B9F513 /* XCLocalSwiftPackageReference "Networking" */ = {
			isa = XCLocalSwiftPackageReference;
			relativePath = Networking;
		};
		26D16B8B2CDBD76000B9F513 /* XCLocalSwiftPackageReference "Logging" */ = {
			isa = XCLocalSwiftPackageReference;
			relativePath = Logging;
		};
/* End XCLocalSwiftPackageReference section */

/* Begin XCSwiftPackageProductDependency section */
		26D16B862CDBD46100B9F513 /* Networking */ = {
			isa = XCSwiftPackageProductDependency;
			productName = Networking;
		};
		26D16B8C2CDBD76000B9F513 /* Logging */ = {
			isa = XCSwiftPackageProductDependency;
			productName = Logging;
		};
/* End XCSwiftPackageProductDependency section */
	};
	rootObject = 2628FCC12CDBCA6D00BC1D5A /* Project object */;
}
