// !$*UTF8*$!
{
	archiveVersion = 1;
	classes = {
	};
	objectVersion = 77;
	objects = {

/* Begin PBXBuildFile section */
		26D16B602CDBD10E00B9F513 /* NetworkingModule.framework in Frameworks */ = {isa = PBXBuildFile; fileRef = 26D16B582CDBD10D00B9F513 /* NetworkingModule.framework */; };
		26D16B6B2CDBD10E00B9F513 /* NetworkingModule.framework in Frameworks */ = {isa = PBXBuildFile; fileRef = 26D16B582CDBD10D00B9F513 /* NetworkingModule.framework */; };
		26D16B6C2CDBD10E00B9F513 /* NetworkingModule.framework in Embed Frameworks */ = {isa = PBXBuildFile; fileRef = 26D16B582CDBD10D00B9F513 /* NetworkingModule.framework */; settings = {ATTRIBUTES = (CodeSignOnCopy, RemoveHeadersOnCopy, ); }; };
/* End PBXBuildFile section */

/* Begin PBXContainerItemProxy section */
		2628FCDA2CDBCA6F00BC1D5A /* PBXContainerItemProxy */ = {
			isa = PBXContainerItemProxy;
			containerPortal = 2628FCC12CDBCA6D00BC1D5A /* Project object */;
			proxyType = 1;
			remoteGlobalIDString = 2628FCC82CDBCA6D00BC1D5A;
			remoteInfo = FetchRecipes;
		};
		2628FCE42CDBCA6F00BC1D5A /* PBXContainerItemProxy */ = {
			isa = PBXContainerItemProxy;
			containerPortal = 2628FCC12CDBCA6D00BC1D5A /* Project object */;
			proxyType = 1;
			remoteGlobalIDString = 2628FCC82CDBCA6D00BC1D5A;
			remoteInfo = FetchRecipes;
		};
		26D16B612CDBD10E00B9F513 /* PBXContainerItemProxy */ = {
			isa = PBXContainerItemProxy;
			containerPortal = 2628FCC12CDBCA6D00BC1D5A /* Project object */;
			proxyType = 1;
			remoteGlobalIDString = 26D16B572CDBD10D00B9F513;
			remoteInfo = NetworkingModule;
		};
		26D16B632CDBD10E00B9F513 /* PBXContainerItemProxy */ = {
			isa = PBXContainerItemProxy;
			containerPortal = 2628FCC12CDBCA6D00BC1D5A /* Project object */;
			proxyType = 1;
			remoteGlobalIDString = 2628FCC82CDBCA6D00BC1D5A;
			remoteInfo = FetchRecipes;
		};
		26D16B692CDBD10E00B9F513 /* PBXContainerItemProxy */ = {
			isa = PBXContainerItemProxy;
			containerPortal = 2628FCC12CDBCA6D00BC1D5A /* Project object */;
			proxyType = 1;
			remoteGlobalIDString = 26D16B572CDBD10D00B9F513;
			remoteInfo = NetworkingModule;
		};
/* End PBXContainerItemProxy section */

/* Begin PBXCopyFilesBuildPhase section */
		26D16B712CDBD10E00B9F513 /* Embed Frameworks */ = {
			isa = PBXCopyFilesBuildPhase;
			buildActionMask = 2147483647;
			dstPath = "";
			dstSubfolderSpec = 10;
			files = (
				26D16B6C2CDBD10E00B9F513 /* NetworkingModule.framework in Embed Frameworks */,
			);
			name = "Embed Frameworks";
			runOnlyForDeploymentPostprocessing = 0;
		};
/* End PBXCopyFilesBuildPhase section */

/* Begin PBXFileReference section */
		2628FCC92CDBCA6D00BC1D5A /* FetchRecipes.app */ = {isa = PBXFileReference; explicitFileType = wrapper.application; includeInIndex = 0; path = FetchRecipes.app; sourceTree = BUILT_PRODUCTS_DIR; };
		2628FCD92CDBCA6F00BC1D5A /* FetchRecipesTests.xctest */ = {isa = PBXFileReference; explicitFileType = wrapper.cfbundle; includeInIndex = 0; path = FetchRecipesTests.xctest; sourceTree = BUILT_PRODUCTS_DIR; };
		2628FCE32CDBCA6F00BC1D5A /* FetchRecipesUITests.xctest */ = {isa = PBXFileReference; explicitFileType = wrapper.cfbundle; includeInIndex = 0; path = FetchRecipesUITests.xctest; sourceTree = BUILT_PRODUCTS_DIR; };
		26D16B582CDBD10D00B9F513 /* NetworkingModule.framework */ = {isa = PBXFileReference; explicitFileType = wrapper.framework; includeInIndex = 0; path = NetworkingModule.framework; sourceTree = BUILT_PRODUCTS_DIR; };
		26D16B5F2CDBD10E00B9F513 /* NetworkingModuleTests.xctest */ = {isa = PBXFileReference; explicitFileType = wrapper.cfbundle; includeInIndex = 0; path = NetworkingModuleTests.xctest; sourceTree = BUILT_PRODUCTS_DIR; };
/* End PBXFileReference section */

/* Begin PBXFileSystemSynchronizedBuildFileExceptionSet section */
		26D16B6D2CDBD10E00B9F513 /* Exceptions for "NetworkingModule" folder in "NetworkingModule" target */ = {
			isa = PBXFileSystemSynchronizedBuildFileExceptionSet;
			membershipExceptions = (
				"JSONDecoder+.swift",
				NetworkRequest.swift,
				NetworkRequesterError.swift,
				NetworkRequesting.swift,
				README.md,
				URLSessionProtocol.swift,
			);
			publicHeaders = (
				NetworkingModule.h,
			);
			target = 26D16B572CDBD10D00B9F513 /* NetworkingModule */;
		};
		26D16B752CDBD11E00B9F513 /* Exceptions for "NetworkingModule" folder in "FetchRecipes" target */ = {
			isa = PBXFileSystemSynchronizedBuildFileExceptionSet;
			membershipExceptions = (
				"JSONDecoder+.swift",
				NetworkRequest.swift,
				NetworkRequesterError.swift,
				NetworkRequesting.swift,
				README.md,
				URLSessionProtocol.swift,
			);
			target = 2628FCC82CDBCA6D00BC1D5A /* FetchRecipes */;
		};
/* End PBXFileSystemSynchronizedBuildFileExceptionSet section */

/* Begin PBXFileSystemSynchronizedRootGroup section */
		2628FCCB2CDBCA6D00BC1D5A /* FetchRecipes */ = {
			isa = PBXFileSystemSynchronizedRootGroup;
			path = FetchRecipes;
			sourceTree = "<group>";
		};
		2628FCDC2CDBCA6F00BC1D5A /* FetchRecipesTests */ = {
			isa = PBXFileSystemSynchronizedRootGroup;
			path = FetchRecipesTests;
			sourceTree = "<group>";
		};
		2628FCE62CDBCA6F00BC1D5A /* FetchRecipesUITests */ = {
			isa = PBXFileSystemSynchronizedRootGroup;
			path = FetchRecipesUITests;
			sourceTree = "<group>";
		};
		26D16B592CDBD10D00B9F513 /* NetworkingModule */ = {
			isa = PBXFileSystemSynchronizedRootGroup;
			exceptions = (
				26D16B752CDBD11E00B9F513 /* Exceptions for "NetworkingModule" folder in "FetchRecipes" target */,
				26D16B6D2CDBD10E00B9F513 /* Exceptions for "NetworkingModule" folder in "NetworkingModule" target */,
			);
			path = NetworkingModule;
			sourceTree = "<group>";
		};
		26D16B652CDBD10E00B9F513 /* NetworkingModuleTests */ = {
			isa = PBXFileSystemSynchronizedRootGroup;
			path = NetworkingModuleTests;
			sourceTree = "<group>";
		};
/* End PBXFileSystemSynchronizedRootGroup section */

/* Begin PBXFrameworksBuildPhase section */
		2628FCC62CDBCA6D00BC1D5A /* Frameworks */ = {
			isa = PBXFrameworksBuildPhase;
			buildActionMask = 2147483647;
			files = (
				26D16B6B2CDBD10E00B9F513 /* NetworkingModule.framework in Frameworks */,
			);
			runOnlyForDeploymentPostprocessing = 0;
		};
		2628FCD62CDBCA6F00BC1D5A /* Frameworks */ = {
			isa = PBXFrameworksBuildPhase;
			buildActionMask = 2147483647;
			files = (
			);
			runOnlyForDeploymentPostprocessing = 0;
		};
		2628FCE02CDBCA6F00BC1D5A /* Frameworks */ = {
			isa = PBXFrameworksBuildPhase;
			buildActionMask = 2147483647;
			files = (
			);
			runOnlyForDeploymentPostprocessing = 0;
		};
		26D16B552CDBD10D00B9F513 /* Frameworks */ = {
			isa = PBXFrameworksBuildPhase;
			buildActionMask = 2147483647;
			files = (
			);
			runOnlyForDeploymentPostprocessing = 0;
		};
		26D16B5C2CDBD10E00B9F513 /* Frameworks */ = {
			isa = PBXFrameworksBuildPhase;
			buildActionMask = 2147483647;
			files = (
				26D16B602CDBD10E00B9F513 /* NetworkingModule.framework in Frameworks */,
			);
			runOnlyForDeploymentPostprocessing = 0;
		};
/* End PBXFrameworksBuildPhase section */

/* Begin PBXGroup section */
		2628FCC02CDBCA6D00BC1D5A = {
			isa = PBXGroup;
			children = (
				2628FCCB2CDBCA6D00BC1D5A /* FetchRecipes */,
				2628FCDC2CDBCA6F00BC1D5A /* FetchRecipesTests */,
				2628FCE62CDBCA6F00BC1D5A /* FetchRecipesUITests */,
				26D16B592CDBD10D00B9F513 /* NetworkingModule */,
				26D16B652CDBD10E00B9F513 /* NetworkingModuleTests */,
				2628FCCA2CDBCA6D00BC1D5A /* Products */,
			);
			sourceTree = "<group>";
		};
		2628FCCA2CDBCA6D00BC1D5A /* Products */ = {
			isa = PBXGroup;
			children = (
				2628FCC92CDBCA6D00BC1D5A /* FetchRecipes.app */,
				2628FCD92CDBCA6F00BC1D5A /* FetchRecipesTests.xctest */,
				2628FCE32CDBCA6F00BC1D5A /* FetchRecipesUITests.xctest */,
				26D16B582CDBD10D00B9F513 /* NetworkingModule.framework */,
				26D16B5F2CDBD10E00B9F513 /* NetworkingModuleTests.xctest */,
			);
			name = Products;
			sourceTree = "<group>";
		};
/* End PBXGroup section */

/* Begin PBXHeadersBuildPhase section */
		26D16B532CDBD10D00B9F513 /* Headers */ = {
			isa = PBXHeadersBuildPhase;
			buildActionMask = 2147483647;
			files = (
			);
			runOnlyForDeploymentPostprocessing = 0;
		};
/* End PBXHeadersBuildPhase section */

/* Begin PBXNativeTarget section */
		2628FCC82CDBCA6D00BC1D5A /* FetchRecipes */ = {
			isa = PBXNativeTarget;
			buildConfigurationList = 2628FCED2CDBCA6F00BC1D5A /* Build configuration list for PBXNativeTarget "FetchRecipes" */;
			buildPhases = (
				2628FCC52CDBCA6D00BC1D5A /* Sources */,
				2628FCC62CDBCA6D00BC1D5A /* Frameworks */,
				2628FCC72CDBCA6D00BC1D5A /* Resources */,
				26D16B712CDBD10E00B9F513 /* Embed Frameworks */,
			);
			buildRules = (
			);
			dependencies = (
				26D16B6A2CDBD10E00B9F513 /* PBXTargetDependency */,
			);
			fileSystemSynchronizedGroups = (
				2628FCCB2CDBCA6D00BC1D5A /* FetchRecipes */,
			);
			name = FetchRecipes;
			packageProductDependencies = (
			);
			productName = FetchRecipes;
			productReference = 2628FCC92CDBCA6D00BC1D5A /* FetchRecipes.app */;
			productType = "com.apple.product-type.application";
		};
		2628FCD82CDBCA6F00BC1D5A /* FetchRecipesTests */ = {
			isa = PBXNativeTarget;
			buildConfigurationList = 2628FCF02CDBCA6F00BC1D5A /* Build configuration list for PBXNativeTarget "FetchRecipesTests" */;
			buildPhases = (
				2628FCD52CDBCA6F00BC1D5A /* Sources */,
				2628FCD62CDBCA6F00BC1D5A /* Frameworks */,
				2628FCD72CDBCA6F00BC1D5A /* Resources */,
			);
			buildRules = (
			);
			dependencies = (
				2628FCDB2CDBCA6F00BC1D5A /* PBXTargetDependency */,
			);
			fileSystemSynchronizedGroups = (
				2628FCDC2CDBCA6F00BC1D5A /* FetchRecipesTests */,
			);
			name = FetchRecipesTests;
			packageProductDependencies = (
			);
			productName = FetchRecipesTests;
			productReference = 2628FCD92CDBCA6F00BC1D5A /* FetchRecipesTests.xctest */;
			productType = "com.apple.product-type.bundle.unit-test";
		};
		2628FCE22CDBCA6F00BC1D5A /* FetchRecipesUITests */ = {
			isa = PBXNativeTarget;
			buildConfigurationList = 2628FCF32CDBCA6F00BC1D5A /* Build configuration list for PBXNativeTarget "FetchRecipesUITests" */;
			buildPhases = (
				2628FCDF2CDBCA6F00BC1D5A /* Sources */,
				2628FCE02CDBCA6F00BC1D5A /* Frameworks */,
				2628FCE12CDBCA6F00BC1D5A /* Resources */,
			);
			buildRules = (
			);
			dependencies = (
				2628FCE52CDBCA6F00BC1D5A /* PBXTargetDependency */,
			);
			fileSystemSynchronizedGroups = (
				2628FCE62CDBCA6F00BC1D5A /* FetchRecipesUITests */,
			);
			name = FetchRecipesUITests;
			packageProductDependencies = (
			);
			productName = FetchRecipesUITests;
			productReference = 2628FCE32CDBCA6F00BC1D5A /* FetchRecipesUITests.xctest */;
			productType = "com.apple.product-type.bundle.ui-testing";
		};
		26D16B572CDBD10D00B9F513 /* NetworkingModule */ = {
			isa = PBXNativeTarget;
			buildConfigurationList = 26D16B6E2CDBD10E00B9F513 /* Build configuration list for PBXNativeTarget "NetworkingModule" */;
			buildPhases = (
				26D16B532CDBD10D00B9F513 /* Headers */,
				26D16B542CDBD10D00B9F513 /* Sources */,
				26D16B552CDBD10D00B9F513 /* Frameworks */,
				26D16B562CDBD10D00B9F513 /* Resources */,
			);
			buildRules = (
			);
			dependencies = (
			);
			fileSystemSynchronizedGroups = (
				26D16B592CDBD10D00B9F513 /* NetworkingModule */,
			);
			name = NetworkingModule;
			packageProductDependencies = (
			);
			productName = NetworkingModule;
			productReference = 26D16B582CDBD10D00B9F513 /* NetworkingModule.framework */;
			productType = "com.apple.product-type.framework";
		};
		26D16B5E2CDBD10E00B9F513 /* NetworkingModuleTests */ = {
			isa = PBXNativeTarget;
			buildConfigurationList = 26D16B722CDBD10E00B9F513 /* Build configuration list for PBXNativeTarget "NetworkingModuleTests" */;
			buildPhases = (
				26D16B5B2CDBD10E00B9F513 /* Sources */,
				26D16B5C2CDBD10E00B9F513 /* Frameworks */,
				26D16B5D2CDBD10E00B9F513 /* Resources */,
			);
			buildRules = (
			);
			dependencies = (
				26D16B622CDBD10E00B9F513 /* PBXTargetDependency */,
				26D16B642CDBD10E00B9F513 /* PBXTargetDependency */,
			);
			fileSystemSynchronizedGroups = (
				26D16B652CDBD10E00B9F513 /* NetworkingModuleTests */,
			);
			name = NetworkingModuleTests;
			packageProductDependencies = (
			);
			productName = NetworkingModuleTests;
			productReference = 26D16B5F2CDBD10E00B9F513 /* NetworkingModuleTests.xctest */;
			productType = "com.apple.product-type.bundle.unit-test";
		};
/* End PBXNativeTarget section */

/* Begin PBXProject section */
		2628FCC12CDBCA6D00BC1D5A /* Project object */ = {
			isa = PBXProject;
			attributes = {
				BuildIndependentTargetsInParallel = 1;
				LastSwiftUpdateCheck = 1610;
				LastUpgradeCheck = 1610;
				TargetAttributes = {
					2628FCC82CDBCA6D00BC1D5A = {
						CreatedOnToolsVersion = 16.1;
					};
					2628FCD82CDBCA6F00BC1D5A = {
						CreatedOnToolsVersion = 16.1;
						TestTargetID = 2628FCC82CDBCA6D00BC1D5A;
					};
					2628FCE22CDBCA6F00BC1D5A = {
						CreatedOnToolsVersion = 16.1;
						TestTargetID = 2628FCC82CDBCA6D00BC1D5A;
					};
					26D16B572CDBD10D00B9F513 = {
						CreatedOnToolsVersion = 16.1;
					};
					26D16B5E2CDBD10E00B9F513 = {
						CreatedOnToolsVersion = 16.1;
						TestTargetID = 2628FCC82CDBCA6D00BC1D5A;
					};
				};
			};
			buildConfigurationList = 2628FCC42CDBCA6D00BC1D5A /* Build configuration list for PBXProject "FetchRecipes" */;
			developmentRegion = en;
			hasScannedForEncodings = 0;
			knownRegions = (
				en,
				Base,
			);
			mainGroup = 2628FCC02CDBCA6D00BC1D5A;
			minimizedProjectReferenceProxies = 1;
			preferredProjectObjectVersion = 77;
			productRefGroup = 2628FCCA2CDBCA6D00BC1D5A /* Products */;
			projectDirPath = "";
			projectRoot = "";
			targets = (
				2628FCC82CDBCA6D00BC1D5A /* FetchRecipes */,
				2628FCD82CDBCA6F00BC1D5A /* FetchRecipesTests */,
				2628FCE22CDBCA6F00BC1D5A /* FetchRecipesUITests */,
				26D16B572CDBD10D00B9F513 /* NetworkingModule */,
				26D16B5E2CDBD10E00B9F513 /* NetworkingModuleTests */,
			);
		};
/* End PBXProject section */

/* Begin PBXResourcesBuildPhase section */
		2628FCC72CDBCA6D00BC1D5A /* Resources */ = {
			isa = PBXResourcesBuildPhase;
			buildActionMask = 2147483647;
			files = (
			);
			runOnlyForDeploymentPostprocessing = 0;
		};
		2628FCD72CDBCA6F00BC1D5A /* Resources */ = {
			isa = PBXResourcesBuildPhase;
			buildActionMask = 2147483647;
			files = (
			);
			runOnlyForDeploymentPostprocessing = 0;
		};
		2628FCE12CDBCA6F00BC1D5A /* Resources */ = {
			isa = PBXResourcesBuildPhase;
			buildActionMask = 2147483647;
			files = (
			);
			runOnlyForDeploymentPostprocessing = 0;
		};
		26D16B562CDBD10D00B9F513 /* Resources */ = {
			isa = PBXResourcesBuildPhase;
			buildActionMask = 2147483647;
			files = (
			);
			runOnlyForDeploymentPostprocessing = 0;
		};
		26D16B5D2CDBD10E00B9F513 /* Resources */ = {
			isa = PBXResourcesBuildPhase;
			buildActionMask = 2147483647;
			files = (
			);
			runOnlyForDeploymentPostprocessing = 0;
		};
/* End PBXResourcesBuildPhase section */

/* Begin PBXSourcesBuildPhase section */
		2628FCC52CDBCA6D00BC1D5A /* Sources */ = {
			isa = PBXSourcesBuildPhase;
			buildActionMask = 2147483647;
			files = (
			);
			runOnlyForDeploymentPostprocessing = 0;
		};
		2628FCD52CDBCA6F00BC1D5A /* Sources */ = {
			isa = PBXSourcesBuildPhase;
			buildActionMask = 2147483647;
			files = (
			);
			runOnlyForDeploymentPostprocessing = 0;
		};
		2628FCDF2CDBCA6F00BC1D5A /* Sources */ = {
			isa = PBXSourcesBuildPhase;
			buildActionMask = 2147483647;
			files = (
			);
			runOnlyForDeploymentPostprocessing = 0;
		};
		26D16B542CDBD10D00B9F513 /* Sources */ = {
			isa = PBXSourcesBuildPhase;
			buildActionMask = 2147483647;
			files = (
			);
			runOnlyForDeploymentPostprocessing = 0;
		};
		26D16B5B2CDBD10E00B9F513 /* Sources */ = {
			isa = PBXSourcesBuildPhase;
			buildActionMask = 2147483647;
			files = (
			);
			runOnlyForDeploymentPostprocessing = 0;
		};
/* End PBXSourcesBuildPhase section */

/* Begin PBXTargetDependency section */
		2628FCDB2CDBCA6F00BC1D5A /* PBXTargetDependency */ = {
			isa = PBXTargetDependency;
			target = 2628FCC82CDBCA6D00BC1D5A /* FetchRecipes */;
			targetProxy = 2628FCDA2CDBCA6F00BC1D5A /* PBXContainerItemProxy */;
		};
		2628FCE52CDBCA6F00BC1D5A /* PBXTargetDependency */ = {
			isa = PBXTargetDependency;
			target = 2628FCC82CDBCA6D00BC1D5A /* FetchRecipes */;
			targetProxy = 2628FCE42CDBCA6F00BC1D5A /* PBXContainerItemProxy */;
		};
		26D16B622CDBD10E00B9F513 /* PBXTargetDependency */ = {
			isa = PBXTargetDependency;
			target = 26D16B572CDBD10D00B9F513 /* NetworkingModule */;
			targetProxy = 26D16B612CDBD10E00B9F513 /* PBXContainerItemProxy */;
		};
		26D16B642CDBD10E00B9F513 /* PBXTargetDependency */ = {
			isa = PBXTargetDependency;
			target = 2628FCC82CDBCA6D00BC1D5A /* FetchRecipes */;
			targetProxy = 26D16B632CDBD10E00B9F513 /* PBXContainerItemProxy */;
		};
		26D16B6A2CDBD10E00B9F513 /* PBXTargetDependency */ = {
			isa = PBXTargetDependency;
			target = 26D16B572CDBD10D00B9F513 /* NetworkingModule */;
			targetProxy = 26D16B692CDBD10E00B9F513 /* PBXContainerItemProxy */;
		};
/* End PBXTargetDependency section */

/* Begin XCBuildConfiguration section */
		2628FCEB2CDBCA6F00BC1D5A /* Debug */ = {
			isa = XCBuildConfiguration;
			buildSettings = {
				ALWAYS_SEARCH_USER_PATHS = NO;
				ASSETCATALOG_COMPILER_GENERATE_SWIFT_ASSET_SYMBOL_EXTENSIONS = YES;
				CLANG_ANALYZER_NONNULL = YES;
				CLANG_ANALYZER_NUMBER_OBJECT_CONVERSION = YES_AGGRESSIVE;
				CLANG_CXX_LANGUAGE_STANDARD = "gnu++20";
				CLANG_ENABLE_MODULES = YES;
				CLANG_ENABLE_OBJC_ARC = YES;
				CLANG_ENABLE_OBJC_WEAK = YES;
				CLANG_WARN_BLOCK_CAPTURE_AUTORELEASING = YES;
				CLANG_WARN_BOOL_CONVERSION = YES;
				CLANG_WARN_COMMA = YES;
				CLANG_WARN_CONSTANT_CONVERSION = YES;
				CLANG_WARN_DEPRECATED_OBJC_IMPLEMENTATIONS = YES;
				CLANG_WARN_DIRECT_OBJC_ISA_USAGE = YES_ERROR;
				CLANG_WARN_DOCUMENTATION_COMMENTS = YES;
				CLANG_WARN_EMPTY_BODY = YES;
				CLANG_WARN_ENUM_CONVERSION = YES;
				CLANG_WARN_INFINITE_RECURSION = YES;
				CLANG_WARN_INT_CONVERSION = YES;
				CLANG_WARN_NON_LITERAL_NULL_CONVERSION = YES;
				CLANG_WARN_OBJC_IMPLICIT_RETAIN_SELF = YES;
				CLANG_WARN_OBJC_LITERAL_CONVERSION = YES;
				CLANG_WARN_OBJC_ROOT_CLASS = YES_ERROR;
				CLANG_WARN_QUOTED_INCLUDE_IN_FRAMEWORK_HEADER = YES;
				CLANG_WARN_RANGE_LOOP_ANALYSIS = YES;
				CLANG_WARN_STRICT_PROTOTYPES = YES;
				CLANG_WARN_SUSPICIOUS_MOVE = YES;
				CLANG_WARN_UNGUARDED_AVAILABILITY = YES_AGGRESSIVE;
				CLANG_WARN_UNREACHABLE_CODE = YES;
				CLANG_WARN__DUPLICATE_METHOD_MATCH = YES;
				COPY_PHASE_STRIP = NO;
				DEBUG_INFORMATION_FORMAT = dwarf;
				ENABLE_STRICT_OBJC_MSGSEND = YES;
				ENABLE_TESTABILITY = YES;
				ENABLE_USER_SCRIPT_SANDBOXING = YES;
				GCC_C_LANGUAGE_STANDARD = gnu17;
				GCC_DYNAMIC_NO_PIC = NO;
				GCC_NO_COMMON_BLOCKS = YES;
				GCC_OPTIMIZATION_LEVEL = 0;
				GCC_PREPROCESSOR_DEFINITIONS = (
					"DEBUG=1",
					"$(inherited)",
				);
				GCC_WARN_64_TO_32_BIT_CONVERSION = YES;
				GCC_WARN_ABOUT_RETURN_TYPE = YES_ERROR;
				GCC_WARN_UNDECLARED_SELECTOR = YES;
				GCC_WARN_UNINITIALIZED_AUTOS = YES_AGGRESSIVE;
				GCC_WARN_UNUSED_FUNCTION = YES;
				GCC_WARN_UNUSED_VARIABLE = YES;
				IPHONEOS_DEPLOYMENT_TARGET = 18.1;
				LOCALIZATION_PREFERS_STRING_CATALOGS = YES;
				MTL_ENABLE_DEBUG_INFO = INCLUDE_SOURCE;
				MTL_FAST_MATH = YES;
				ONLY_ACTIVE_ARCH = YES;
				SDKROOT = iphoneos;
				SWIFT_ACTIVE_COMPILATION_CONDITIONS = "DEBUG $(inherited)";
				SWIFT_OPTIMIZATION_LEVEL = "-Onone";
			};
			name = Debug;
		};
		2628FCEC2CDBCA6F00BC1D5A /* Release */ = {
			isa = XCBuildConfiguration;
			buildSettings = {
				ALWAYS_SEARCH_USER_PATHS = NO;
				ASSETCATALOG_COMPILER_GENERATE_SWIFT_ASSET_SYMBOL_EXTENSIONS = YES;
				CLANG_ANALYZER_NONNULL = YES;
				CLANG_ANALYZER_NUMBER_OBJECT_CONVERSION = YES_AGGRESSIVE;
				CLANG_CXX_LANGUAGE_STANDARD = "gnu++20";
				CLANG_ENABLE_MODULES = YES;
				CLANG_ENABLE_OBJC_ARC = YES;
				CLANG_ENABLE_OBJC_WEAK = YES;
				CLANG_WARN_BLOCK_CAPTURE_AUTORELEASING = YES;
				CLANG_WARN_BOOL_CONVERSION = YES;
				CLANG_WARN_COMMA = YES;
				CLANG_WARN_CONSTANT_CONVERSION = YES;
				CLANG_WARN_DEPRECATED_OBJC_IMPLEMENTATIONS = YES;
				CLANG_WARN_DIRECT_OBJC_ISA_USAGE = YES_ERROR;
				CLANG_WARN_DOCUMENTATION_COMMENTS = YES;
				CLANG_WARN_EMPTY_BODY = YES;
				CLANG_WARN_ENUM_CONVERSION = YES;
				CLANG_WARN_INFINITE_RECURSION = YES;
				CLANG_WARN_INT_CONVERSION = YES;
				CLANG_WARN_NON_LITERAL_NULL_CONVERSION = YES;
				CLANG_WARN_OBJC_IMPLICIT_RETAIN_SELF = YES;
				CLANG_WARN_OBJC_LITERAL_CONVERSION = YES;
				CLANG_WARN_OBJC_ROOT_CLASS = YES_ERROR;
				CLANG_WARN_QUOTED_INCLUDE_IN_FRAMEWORK_HEADER = YES;
				CLANG_WARN_RANGE_LOOP_ANALYSIS = YES;
				CLANG_WARN_STRICT_PROTOTYPES = YES;
				CLANG_WARN_SUSPICIOUS_MOVE = YES;
				CLANG_WARN_UNGUARDED_AVAILABILITY = YES_AGGRESSIVE;
				CLANG_WARN_UNREACHABLE_CODE = YES;
				CLANG_WARN__DUPLICATE_METHOD_MATCH = YES;
				COPY_PHASE_STRIP = NO;
				DEBUG_INFORMATION_FORMAT = "dwarf-with-dsym";
				ENABLE_NS_ASSERTIONS = NO;
				ENABLE_STRICT_OBJC_MSGSEND = YES;
				ENABLE_USER_SCRIPT_SANDBOXING = YES;
				GCC_C_LANGUAGE_STANDARD = gnu17;
				GCC_NO_COMMON_BLOCKS = YES;
				GCC_WARN_64_TO_32_BIT_CONVERSION = YES;
				GCC_WARN_ABOUT_RETURN_TYPE = YES_ERROR;
				GCC_WARN_UNDECLARED_SELECTOR = YES;
				GCC_WARN_UNINITIALIZED_AUTOS = YES_AGGRESSIVE;
				GCC_WARN_UNUSED_FUNCTION = YES;
				GCC_WARN_UNUSED_VARIABLE = YES;
				IPHONEOS_DEPLOYMENT_TARGET = 18.1;
				LOCALIZATION_PREFERS_STRING_CATALOGS = YES;
				MTL_ENABLE_DEBUG_INFO = NO;
				MTL_FAST_MATH = YES;
				SDKROOT = iphoneos;
				SWIFT_COMPILATION_MODE = wholemodule;
				VALIDATE_PRODUCT = YES;
			};
			name = Release;
		};
		2628FCEE2CDBCA6F00BC1D5A /* Debug */ = {
			isa = XCBuildConfiguration;
			buildSettings = {
				ASSETCATALOG_COMPILER_APPICON_NAME = AppIcon;
				ASSETCATALOG_COMPILER_GLOBAL_ACCENT_COLOR_NAME = AccentColor;
				CODE_SIGN_STYLE = Automatic;
				CURRENT_PROJECT_VERSION = 1;
				DEVELOPMENT_ASSET_PATHS = "\"FetchRecipes/Preview Content\"";
				DEVELOPMENT_TEAM = 435ZY68D35;
				ENABLE_PREVIEWS = YES;
				GENERATE_INFOPLIST_FILE = YES;
				INFOPLIST_KEY_CFBundleDisplayName = FetchRecipes;
				INFOPLIST_KEY_UIApplicationSceneManifest_Generation = YES;
				INFOPLIST_KEY_UIApplicationSupportsIndirectInputEvents = YES;
				INFOPLIST_KEY_UILaunchScreen_Generation = YES;
				INFOPLIST_KEY_UISupportedInterfaceOrientations_iPad = "UIInterfaceOrientationPortrait UIInterfaceOrientationPortraitUpsideDown UIInterfaceOrientationLandscapeLeft UIInterfaceOrientationLandscapeRight";
				INFOPLIST_KEY_UISupportedInterfaceOrientations_iPhone = "UIInterfaceOrientationPortrait UIInterfaceOrientationLandscapeLeft UIInterfaceOrientationLandscapeRight";
				IPHONEOS_DEPLOYMENT_TARGET = 16.0;
				LD_RUNPATH_SEARCH_PATHS = (
					"$(inherited)",
					"@executable_path/Frameworks",
				);
				MARKETING_VERSION = 1.0;
				PRODUCT_BUNDLE_IDENTIFIER = coletoncodes.FetchRecipes;
				PRODUCT_NAME = "$(TARGET_NAME)";
				SUPPORTED_PLATFORMS = "iphoneos iphonesimulator";
				SUPPORTS_MACCATALYST = NO;
				SUPPORTS_MAC_DESIGNED_FOR_IPHONE_IPAD = NO;
				SUPPORTS_XR_DESIGNED_FOR_IPHONE_IPAD = NO;
				SWIFT_EMIT_LOC_STRINGS = YES;
				SWIFT_VERSION = 5.0;
				TARGETED_DEVICE_FAMILY = 1;
			};
			name = Debug;
		};
		2628FCEF2CDBCA6F00BC1D5A /* Release */ = {
			isa = XCBuildConfiguration;
			buildSettings = {
				ASSETCATALOG_COMPILER_APPICON_NAME = AppIcon;
				ASSETCATALOG_COMPILER_GLOBAL_ACCENT_COLOR_NAME = AccentColor;
				CODE_SIGN_STYLE = Automatic;
				CURRENT_PROJECT_VERSION = 1;
				DEVELOPMENT_ASSET_PATHS = "\"FetchRecipes/Preview Content\"";
				DEVELOPMENT_TEAM = 435ZY68D35;
				ENABLE_PREVIEWS = YES;
				GENERATE_INFOPLIST_FILE = YES;
				INFOPLIST_KEY_CFBundleDisplayName = FetchRecipes;
				INFOPLIST_KEY_UIApplicationSceneManifest_Generation = YES;
				INFOPLIST_KEY_UIApplicationSupportsIndirectInputEvents = YES;
				INFOPLIST_KEY_UILaunchScreen_Generation = YES;
				INFOPLIST_KEY_UISupportedInterfaceOrientations_iPad = "UIInterfaceOrientationPortrait UIInterfaceOrientationPortraitUpsideDown UIInterfaceOrientationLandscapeLeft UIInterfaceOrientationLandscapeRight";
				INFOPLIST_KEY_UISupportedInterfaceOrientations_iPhone = "UIInterfaceOrientationPortrait UIInterfaceOrientationLandscapeLeft UIInterfaceOrientationLandscapeRight";
				IPHONEOS_DEPLOYMENT_TARGET = 16.0;
				LD_RUNPATH_SEARCH_PATHS = (
					"$(inherited)",
					"@executable_path/Frameworks",
				);
				MARKETING_VERSION = 1.0;
				PRODUCT_BUNDLE_IDENTIFIER = coletoncodes.FetchRecipes;
				PRODUCT_NAME = "$(TARGET_NAME)";
				SUPPORTED_PLATFORMS = "iphoneos iphonesimulator";
				SUPPORTS_MACCATALYST = NO;
				SUPPORTS_MAC_DESIGNED_FOR_IPHONE_IPAD = NO;
				SUPPORTS_XR_DESIGNED_FOR_IPHONE_IPAD = NO;
				SWIFT_EMIT_LOC_STRINGS = YES;
				SWIFT_VERSION = 5.0;
				TARGETED_DEVICE_FAMILY = 1;
			};
			name = Release;
		};
		2628FCF12CDBCA6F00BC1D5A /* Debug */ = {
			isa = XCBuildConfiguration;
			buildSettings = {
				BUNDLE_LOADER = "$(TEST_HOST)";
				CODE_SIGN_STYLE = Automatic;
				CURRENT_PROJECT_VERSION = 1;
				DEVELOPMENT_TEAM = 435ZY68D35;
				GENERATE_INFOPLIST_FILE = YES;
				IPHONEOS_DEPLOYMENT_TARGET = 16.0;
				MARKETING_VERSION = 1.0;
				PRODUCT_BUNDLE_IDENTIFIER = coletoncodes.FetchRecipesTests;
				PRODUCT_NAME = "$(TARGET_NAME)";
				SUPPORTED_PLATFORMS = "iphoneos iphonesimulator";
				SUPPORTS_MACCATALYST = NO;
				SUPPORTS_MAC_DESIGNED_FOR_IPHONE_IPAD = NO;
				SUPPORTS_XR_DESIGNED_FOR_IPHONE_IPAD = NO;
				SWIFT_EMIT_LOC_STRINGS = NO;
				SWIFT_VERSION = 5.0;
				TARGETED_DEVICE_FAMILY = 1;
				TEST_HOST = "$(BUILT_PRODUCTS_DIR)/FetchRecipes.app/$(BUNDLE_EXECUTABLE_FOLDER_PATH)/FetchRecipes";
			};
			name = Debug;
		};
		2628FCF22CDBCA6F00BC1D5A /* Release */ = {
			isa = XCBuildConfiguration;
			buildSettings = {
				BUNDLE_LOADER = "$(TEST_HOST)";
				CODE_SIGN_STYLE = Automatic;
				CURRENT_PROJECT_VERSION = 1;
				DEVELOPMENT_TEAM = 435ZY68D35;
				GENERATE_INFOPLIST_FILE = YES;
				IPHONEOS_DEPLOYMENT_TARGET = 16.0;
				MARKETING_VERSION = 1.0;
				PRODUCT_BUNDLE_IDENTIFIER = coletoncodes.FetchRecipesTests;
				PRODUCT_NAME = "$(TARGET_NAME)";
				SUPPORTED_PLATFORMS = "iphoneos iphonesimulator";
				SUPPORTS_MACCATALYST = NO;
				SUPPORTS_MAC_DESIGNED_FOR_IPHONE_IPAD = NO;
				SUPPORTS_XR_DESIGNED_FOR_IPHONE_IPAD = NO;
				SWIFT_EMIT_LOC_STRINGS = NO;
				SWIFT_VERSION = 5.0;
				TARGETED_DEVICE_FAMILY = 1;
				TEST_HOST = "$(BUILT_PRODUCTS_DIR)/FetchRecipes.app/$(BUNDLE_EXECUTABLE_FOLDER_PATH)/FetchRecipes";
			};
			name = Release;
		};
		2628FCF42CDBCA6F00BC1D5A /* Debug */ = {
			isa = XCBuildConfiguration;
			buildSettings = {
				CODE_SIGN_STYLE = Automatic;
				CURRENT_PROJECT_VERSION = 1;
				DEVELOPMENT_TEAM = 435ZY68D35;
				GENERATE_INFOPLIST_FILE = YES;
				IPHONEOS_DEPLOYMENT_TARGET = 16.0;
				MARKETING_VERSION = 1.0;
				PRODUCT_BUNDLE_IDENTIFIER = coletoncodes.FetchRecipesUITests;
				PRODUCT_NAME = "$(TARGET_NAME)";
				SUPPORTED_PLATFORMS = "iphoneos iphonesimulator";
				SUPPORTS_MACCATALYST = NO;
				SUPPORTS_MAC_DESIGNED_FOR_IPHONE_IPAD = NO;
				SUPPORTS_XR_DESIGNED_FOR_IPHONE_IPAD = NO;
				SWIFT_EMIT_LOC_STRINGS = NO;
				SWIFT_VERSION = 5.0;
				TARGETED_DEVICE_FAMILY = 1;
				TEST_TARGET_NAME = FetchRecipes;
			};
			name = Debug;
		};
		2628FCF52CDBCA6F00BC1D5A /* Release */ = {
			isa = XCBuildConfiguration;
			buildSettings = {
				CODE_SIGN_STYLE = Automatic;
				CURRENT_PROJECT_VERSION = 1;
				DEVELOPMENT_TEAM = 435ZY68D35;
				GENERATE_INFOPLIST_FILE = YES;
				IPHONEOS_DEPLOYMENT_TARGET = 16.0;
				MARKETING_VERSION = 1.0;
				PRODUCT_BUNDLE_IDENTIFIER = coletoncodes.FetchRecipesUITests;
				PRODUCT_NAME = "$(TARGET_NAME)";
				SUPPORTED_PLATFORMS = "iphoneos iphonesimulator";
				SUPPORTS_MACCATALYST = NO;
				SUPPORTS_MAC_DESIGNED_FOR_IPHONE_IPAD = NO;
				SUPPORTS_XR_DESIGNED_FOR_IPHONE_IPAD = NO;
				SWIFT_EMIT_LOC_STRINGS = NO;
				SWIFT_VERSION = 5.0;
				TARGETED_DEVICE_FAMILY = 1;
				TEST_TARGET_NAME = FetchRecipes;
			};
			name = Release;
		};
		26D16B6F2CDBD10E00B9F513 /* Debug */ = {
			isa = XCBuildConfiguration;
			buildSettings = {
				BUILD_LIBRARY_FOR_DISTRIBUTION = YES;
				CODE_SIGN_STYLE = Automatic;
				CURRENT_PROJECT_VERSION = 1;
				DEFINES_MODULE = YES;
				DEVELOPMENT_TEAM = 435ZY68D35;
				DYLIB_COMPATIBILITY_VERSION = 1;
				DYLIB_CURRENT_VERSION = 1;
				DYLIB_INSTALL_NAME_BASE = "@rpath";
				ENABLE_MODULE_VERIFIER = YES;
				GENERATE_INFOPLIST_FILE = YES;
				INFOPLIST_KEY_NSHumanReadableCopyright = "";
				INSTALL_PATH = "$(LOCAL_LIBRARY_DIR)/Frameworks";
				IPHONEOS_DEPLOYMENT_TARGET = 16.0;
				LD_RUNPATH_SEARCH_PATHS = (
					"$(inherited)",
					"@executable_path/Frameworks",
					"@loader_path/Frameworks",
				);
				MARKETING_VERSION = 1.0;
				MODULE_VERIFIER_SUPPORTED_LANGUAGES = "objective-c objective-c++";
				MODULE_VERIFIER_SUPPORTED_LANGUAGE_STANDARDS = "gnu17 gnu++20";
				PRODUCT_BUNDLE_IDENTIFIER = coletoncodes.NetworkingModule;
				PRODUCT_NAME = "$(TARGET_NAME:c99extidentifier)";
				SKIP_INSTALL = YES;
				SWIFT_EMIT_LOC_STRINGS = YES;
				SWIFT_INSTALL_OBJC_HEADER = NO;
				SWIFT_VERSION = 5.0;
				TARGETED_DEVICE_FAMILY = "1,2";
				VERSIONING_SYSTEM = "apple-generic";
				VERSION_INFO_PREFIX = "";
			};
			name = Debug;
		};
		26D16B702CDBD10E00B9F513 /* Release */ = {
			isa = XCBuildConfiguration;
			buildSettings = {
				BUILD_LIBRARY_FOR_DISTRIBUTION = YES;
				CODE_SIGN_STYLE = Automatic;
				CURRENT_PROJECT_VERSION = 1;
				DEFINES_MODULE = YES;
				DEVELOPMENT_TEAM = 435ZY68D35;
				DYLIB_COMPATIBILITY_VERSION = 1;
				DYLIB_CURRENT_VERSION = 1;
				DYLIB_INSTALL_NAME_BASE = "@rpath";
				ENABLE_MODULE_VERIFIER = YES;
				GENERATE_INFOPLIST_FILE = YES;
				INFOPLIST_KEY_NSHumanReadableCopyright = "";
				INSTALL_PATH = "$(LOCAL_LIBRARY_DIR)/Frameworks";
				IPHONEOS_DEPLOYMENT_TARGET = 16.0;
				LD_RUNPATH_SEARCH_PATHS = (
					"$(inherited)",
					"@executable_path/Frameworks",
					"@loader_path/Frameworks",
				);
				MARKETING_VERSION = 1.0;
				MODULE_VERIFIER_SUPPORTED_LANGUAGES = "objective-c objective-c++";
				MODULE_VERIFIER_SUPPORTED_LANGUAGE_STANDARDS = "gnu17 gnu++20";
				PRODUCT_BUNDLE_IDENTIFIER = coletoncodes.NetworkingModule;
				PRODUCT_NAME = "$(TARGET_NAME:c99extidentifier)";
				SKIP_INSTALL = YES;
				SWIFT_EMIT_LOC_STRINGS = YES;
				SWIFT_INSTALL_OBJC_HEADER = NO;
				SWIFT_VERSION = 5.0;
				TARGETED_DEVICE_FAMILY = "1,2";
				VERSIONING_SYSTEM = "apple-generic";
				VERSION_INFO_PREFIX = "";
			};
			name = Release;
		};
		26D16B732CDBD10E00B9F513 /* Debug */ = {
			isa = XCBuildConfiguration;
			buildSettings = {
				CODE_SIGN_STYLE = Automatic;
				CURRENT_PROJECT_VERSION = 1;
				DEVELOPMENT_TEAM = 435ZY68D35;
				GENERATE_INFOPLIST_FILE = YES;
				IPHONEOS_DEPLOYMENT_TARGET = 16.0;
				MARKETING_VERSION = 1.0;
				PRODUCT_BUNDLE_IDENTIFIER = coletoncodes.NetworkingModuleTests;
				PRODUCT_NAME = "$(TARGET_NAME)";
				SWIFT_EMIT_LOC_STRINGS = NO;
				SWIFT_VERSION = 5.0;
				TARGETED_DEVICE_FAMILY = "1,2";
				TEST_HOST = "$(BUILT_PRODUCTS_DIR)/FetchRecipes.app/$(BUNDLE_EXECUTABLE_FOLDER_PATH)/FetchRecipes";
			};
			name = Debug;
		};
		26D16B742CDBD10E00B9F513 /* Release */ = {
			isa = XCBuildConfiguration;
			buildSettings = {
				CODE_SIGN_STYLE = Automatic;
				CURRENT_PROJECT_VERSION = 1;
				DEVELOPMENT_TEAM = 435ZY68D35;
				GENERATE_INFOPLIST_FILE = YES;
				IPHONEOS_DEPLOYMENT_TARGET = 16.0;
				MARKETING_VERSION = 1.0;
				PRODUCT_BUNDLE_IDENTIFIER = coletoncodes.NetworkingModuleTests;
				PRODUCT_NAME = "$(TARGET_NAME)";
				SWIFT_EMIT_LOC_STRINGS = NO;
				SWIFT_VERSION = 5.0;
				TARGETED_DEVICE_FAMILY = "1,2";
				TEST_HOST = "$(BUILT_PRODUCTS_DIR)/FetchRecipes.app/$(BUNDLE_EXECUTABLE_FOLDER_PATH)/FetchRecipes";
			};
			name = Release;
		};
/* End XCBuildConfiguration section */

/* Begin XCConfigurationList section */
		2628FCC42CDBCA6D00BC1D5A /* Build configuration list for PBXProject "FetchRecipes" */ = {
			isa = XCConfigurationList;
			buildConfigurations = (
				2628FCEB2CDBCA6F00BC1D5A /* Debug */,
				2628FCEC2CDBCA6F00BC1D5A /* Release */,
			);
			defaultConfigurationIsVisible = 0;
			defaultConfigurationName = Release;
		};
		2628FCED2CDBCA6F00BC1D5A /* Build configuration list for PBXNativeTarget "FetchRecipes" */ = {
			isa = XCConfigurationList;
			buildConfigurations = (
				2628FCEE2CDBCA6F00BC1D5A /* Debug */,
				2628FCEF2CDBCA6F00BC1D5A /* Release */,
			);
			defaultConfigurationIsVisible = 0;
			defaultConfigurationName = Release;
		};
		2628FCF02CDBCA6F00BC1D5A /* Build configuration list for PBXNativeTarget "FetchRecipesTests" */ = {
			isa = XCConfigurationList;
			buildConfigurations = (
				2628FCF12CDBCA6F00BC1D5A /* Debug */,
				2628FCF22CDBCA6F00BC1D5A /* Release */,
			);
			defaultConfigurationIsVisible = 0;
			defaultConfigurationName = Release;
		};
		2628FCF32CDBCA6F00BC1D5A /* Build configuration list for PBXNativeTarget "FetchRecipesUITests" */ = {
			isa = XCConfigurationList;
			buildConfigurations = (
				2628FCF42CDBCA6F00BC1D5A /* Debug */,
				2628FCF52CDBCA6F00BC1D5A /* Release */,
			);
			defaultConfigurationIsVisible = 0;
			defaultConfigurationName = Release;
		};
		26D16B6E2CDBD10E00B9F513 /* Build configuration list for PBXNativeTarget "NetworkingModule" */ = {
			isa = XCConfigurationList;
			buildConfigurations = (
				26D16B6F2CDBD10E00B9F513 /* Debug */,
				26D16B702CDBD10E00B9F513 /* Release */,
			);
			defaultConfigurationIsVisible = 0;
			defaultConfigurationName = Release;
		};
		26D16B722CDBD10E00B9F513 /* Build configuration list for PBXNativeTarget "NetworkingModuleTests" */ = {
			isa = XCConfigurationList;
			buildConfigurations = (
				26D16B732CDBD10E00B9F513 /* Debug */,
				26D16B742CDBD10E00B9F513 /* Release */,
			);
			defaultConfigurationIsVisible = 0;
			defaultConfigurationName = Release;
		};
/* End XCConfigurationList section */
	};
	rootObject = 2628FCC12CDBCA6D00BC1D5A /* Project object */;
}
